
Microsoft Visual Studio Solution File, Format Version 10.00
# Visual Studio 2008
Project("{FAE04EC0-301F-11D3-BF4B-00C04F79EFBC}") = "Przykład1", "WPF Kolory\Przykład1.csproj", "{50ECA163-C32D-4951-A0E8-60AB334C18BF}"
EndProject
Global
	GlobalSection(SolutionConfigurationPlatforms) = preSolution
		Debug|Any CPU = Debug|Any CPU
		Release|Any CPU = Release|Any CPU
	EndGlobalSection
	GlobalSection(ProjectConfigurationPlatforms) = postSolution
		{50ECA163-C32D-4951-A0E8-60AB334C18BF}.Debug|Any CPU.ActiveCfg = Debug|Any CPU
		{50ECA163-C32D-4951-A0E8-60AB334C18BF}.Debug|Any CPU.Build.0 = Debug|Any CPU
		{50ECA163-C32D-4951-A0E8-60AB334C18BF}.Release|Any CPU.ActiveCfg = Release|Any CPU
		{50ECA163-C32D-4951-A0E8-60AB334C18BF}.Release|Any CPU.Build.0 = Release|Any CPU
	EndGlobalSection
	GlobalSection(SolutionProperties) = preSolution
		HideSolutionNode = FALSE
	EndGlobalSection
EndGlobal
